
Microsoft Visual Studio Solution File, Format Version 12.00
# Visual Studio Version 17
VisualStudioVersion = 17.7.34009.444
MinimumVisualStudioVersion = 10.0.40219.1
Project("{9A19103F-16F7-4668-BE54-9A1E7A4F7556}") = "OrderPipelineMiddleware", "OrderPipelineMiddleware\OrderPipelineMiddleware.csproj", "{A4FAF04E-3835-4145-9C35-2DF90C426A11}"
EndProject
Project("{FAE04EC0-301F-11D3-BF4B-00C04F79EFBC}") = "OrderPipelineMiddleware.Tests", "OrderPipelineMiddleware.Tests\OrderPipelineMiddleware.Tests.csproj", "{DA83E042-9D00-47B5-8FAA-397D2C16EEFC}"
EndProject
Global
	GlobalSection(SolutionConfigurationPlatforms) = preSolution
		Debug|Any CPU = Debug|Any CPU
		Release|Any CPU = Release|Any CPU
	EndGlobalSection
	GlobalSection(ProjectConfigurationPlatforms) = postSolution
		{A4FAF04E-3835-4145-9C35-2DF90C426A11}.Debug|Any CPU.ActiveCfg = Debug|Any CPU
		{A4FAF04E-3835-4145-9C35-2DF90C426A11}.Debug|Any CPU.Build.0 = Debug|Any CPU
		{A4FAF04E-3835-4145-9C35-2DF90C426A11}.Release|Any CPU.ActiveCfg = Release|Any CPU
		{A4FAF04E-3835-4145-9C35-2DF90C426A11}.Release|Any CPU.Build.0 = Release|Any CPU
		{DA83E042-9D00-47B5-8FAA-397D2C16EEFC}.Debug|Any CPU.ActiveCfg = Debug|Any CPU
		{DA83E042-9D00-47B5-8FAA-397D2C16EEFC}.Debug|Any CPU.Build.0 = Debug|Any CPU
		{DA83E042-9D00-47B5-8FAA-397D2C16EEFC}.Release|Any CPU.ActiveCfg = Release|Any CPU
		{DA83E042-9D00-47B5-8FAA-397D2C16EEFC}.Release|Any CPU.Build.0 = Release|Any CPU
	EndGlobalSection
	GlobalSection(SolutionProperties) = preSolution
		HideSolutionNode = FALSE
	EndGlobalSection
	GlobalSection(ExtensibilityGlobals) = postSolution
		SolutionGuid = {827BFC9B-9AC0-4AC7-8071-1118CE41926F}
	EndGlobalSection
EndGlobal
